
Microsoft Visual Studio Solution File, Format Version 12.00
# Visual Studio Version 16
VisualStudioVersion = 16.0.33130.400
MinimumVisualStudioVersion = 10.0.40219.1
Project("{FAE04EC0-301F-11D3-BF4B-00C04F79EFBC}") = "TreefallPatternAnalysis", "TreefallPatternAnalysis\TreefallPatternAnalysis.csproj", "{BF511220-6820-4743-B9A6-FFDDCF607C05}"
EndProject
Global
	GlobalSection(SolutionConfigurationPlatforms) = preSolution
		Debug|Any CPU = Debug|Any CPU
		Release|Any CPU = Release|Any CPU
	EndGlobalSection
	GlobalSection(ProjectConfigurationPlatforms) = postSolution
		{BF511220-6820-4743-B9A6-FFDDCF607C05}.Debug|Any CPU.ActiveCfg = Debug|Any CPU
		{BF511220-6820-4743-B9A6-FFDDCF607C05}.Debug|Any CPU.Build.0 = Debug|Any CPU
		{BF511220-6820-4743-B9A6-FFDDCF607C05}.Release|Any CPU.ActiveCfg = Release|Any CPU
		{BF511220-6820-4743-B9A6-FFDDCF607C05}.Release|Any CPU.Build.0 = Release|Any CPU
	EndGlobalSection
	GlobalSection(SolutionProperties) = preSolution
		HideSolutionNode = FALSE
	EndGlobalSection
	GlobalSection(ExtensibilityGlobals) = postSolution
		SolutionGuid = {3282C3C7-46FE-42B8-ADEE-B4F89BC5C92E}
	EndGlobalSection
EndGlobal
